
Microsoft Visual Studio Solution File, Format Version 12.00
# Visual Studio Version 17
VisualStudioVersion = 17.6.33815.320
MinimumVisualStudioVersion = 10.0.40219.1
Project("{54A90642-561A-4BB1-A94E-469ADEE60C69}") = "angularapp", "src\angularapp\angularapp.esproj", "{B58E6293-09EB-4957-AF0C-B611D23EDA12}"
EndProject
Project("{9A19103F-16F7-4668-BE54-9A1E7A4F7556}") = "webapi", "src\webapi\webapi.csproj", "{7CD407E3-7655-4CAD-8BD5-1B517E2167AE}"
EndProject
Project("{FAE04EC0-301F-11D3-BF4B-00C04F79EFBC}") = "PulsarClientHost", "src\PulsarClientHost\PulsarClientHost.csproj", "{B0A46D99-FC96-4038-B57C-656E6FE5715B}"
EndProject
Global
	GlobalSection(SolutionConfigurationPlatforms) = preSolution
		Debug|Any CPU = Debug|Any CPU
		Release|Any CPU = Release|Any CPU
	EndGlobalSection
	GlobalSection(ProjectConfigurationPlatforms) = postSolution
		{B58E6293-09EB-4957-AF0C-B611D23EDA12}.Debug|Any CPU.ActiveCfg = Debug|Any CPU
		{B58E6293-09EB-4957-AF0C-B611D23EDA12}.Debug|Any CPU.Build.0 = Debug|Any CPU
		{B58E6293-09EB-4957-AF0C-B611D23EDA12}.Debug|Any CPU.Deploy.0 = Debug|Any CPU
		{B58E6293-09EB-4957-AF0C-B611D23EDA12}.Release|Any CPU.ActiveCfg = Release|Any CPU
		{B58E6293-09EB-4957-AF0C-B611D23EDA12}.Release|Any CPU.Build.0 = Release|Any CPU
		{B58E6293-09EB-4957-AF0C-B611D23EDA12}.Release|Any CPU.Deploy.0 = Release|Any CPU
		{7CD407E3-7655-4CAD-8BD5-1B517E2167AE}.Debug|Any CPU.ActiveCfg = Debug|Any CPU
		{7CD407E3-7655-4CAD-8BD5-1B517E2167AE}.Debug|Any CPU.Build.0 = Debug|Any CPU
		{7CD407E3-7655-4CAD-8BD5-1B517E2167AE}.Release|Any CPU.ActiveCfg = Release|Any CPU
		{7CD407E3-7655-4CAD-8BD5-1B517E2167AE}.Release|Any CPU.Build.0 = Release|Any CPU
		{B0A46D99-FC96-4038-B57C-656E6FE5715B}.Debug|Any CPU.ActiveCfg = Debug|Any CPU
		{B0A46D99-FC96-4038-B57C-656E6FE5715B}.Debug|Any CPU.Build.0 = Debug|Any CPU
		{B0A46D99-FC96-4038-B57C-656E6FE5715B}.Release|Any CPU.ActiveCfg = Release|Any CPU
		{B0A46D99-FC96-4038-B57C-656E6FE5715B}.Release|Any CPU.Build.0 = Release|Any CPU
	EndGlobalSection
	GlobalSection(SolutionProperties) = preSolution
		HideSolutionNode = FALSE
	EndGlobalSection
	GlobalSection(ExtensibilityGlobals) = postSolution
		SolutionGuid = {2689A411-AE7B-4F21-B4D5-0EBE055072C8}
	EndGlobalSection
EndGlobal
